
Microsoft Visual Studio Solution File, Format Version 12.00
# Visual Studio Version 16
VisualStudioVersion = 16.0.31624.102
MinimumVisualStudioVersion = 10.0.40219.1
Project("{8BC9CEB8-8B4A-11D0-8D11-00A0C91BC942}") = "315310407_ProyectoFinalTeoria_GPO4", "315310407_ProyectoFinalTeoria_GPO4\315310407_ProyectoFinalTeoria_GPO4.vcxproj", "{DCDB2DAF-C309-4C70-A604-2982698ED76A}"
EndProject
Global
	GlobalSection(SolutionConfigurationPlatforms) = preSolution
		Debug|x64 = Debug|x64
		Debug|x86 = Debug|x86
		Release|x64 = Release|x64
		Release|x86 = Release|x86
	EndGlobalSection
	GlobalSection(ProjectConfigurationPlatforms) = postSolution
		{DCDB2DAF-C309-4C70-A604-2982698ED76A}.Debug|x64.ActiveCfg = Debug|x64
		{DCDB2DAF-C309-4C70-A604-2982698ED76A}.Debug|x64.Build.0 = Debug|x64
		{DCDB2DAF-C309-4C70-A604-2982698ED76A}.Debug|x86.ActiveCfg = Debug|Win32
		{DCDB2DAF-C309-4C70-A604-2982698ED76A}.Debug|x86.Build.0 = Debug|Win32
		{DCDB2DAF-C309-4C70-A604-2982698ED76A}.Release|x64.ActiveCfg = Release|x64
		{DCDB2DAF-C309-4C70-A604-2982698ED76A}.Release|x64.Build.0 = Release|x64
		{DCDB2DAF-C309-4C70-A604-2982698ED76A}.Release|x86.ActiveCfg = Release|Win32
		{DCDB2DAF-C309-4C70-A604-2982698ED76A}.Release|x86.Build.0 = Release|Win32
	EndGlobalSection
	GlobalSection(SolutionProperties) = preSolution
		HideSolutionNode = FALSE
	EndGlobalSection
	GlobalSection(ExtensibilityGlobals) = postSolution
		SolutionGuid = {28B7E31C-B097-414C-B6B9-EA713848A102}
	EndGlobalSection
EndGlobal
